
Microsoft Visual Studio Solution File, Format Version 12.00
# Visual Studio Version 18
VisualStudioVersion = 18.0.11205.157 d18.0
MinimumVisualStudioVersion = 10.0.40219.1
Project("{FAE04EC0-301F-11D3-BF4B-00C04F79EFBC}") = "Uk.Parliament", "Uk.Parliament\Uk.Parliament.csproj", "{E14BD06C-8693-43F6-85C1-0C5E17F9ABF8}"
EndProject
Project("{FAE04EC0-301F-11D3-BF4B-00C04F79EFBC}") = "Uk.Parliament.Test", "Uk.Parliament.Test\Uk.Parliament.Test.csproj", "{AEE33FEB-BA37-4B85-9037-39DA108AF3D7}"
EndProject
Project("{2150E333-8FDC-42A3-9474-1A3956D46DE8}") = "Solution Items", "Solution Items", "{74C1C2B5-84FD-44E3-B46D-A641B2D34255}"
	ProjectSection(SolutionItems) = preProject
		.gitignore = .gitignore
		README.md = README.md
		Uk.Parliament.ico = Uk.Parliament.ico
	EndProjectSection
EndProject
Global
	GlobalSection(SolutionConfigurationPlatforms) = preSolution
		Debug|Any CPU = Debug|Any CPU
		Release|Any CPU = Release|Any CPU
	EndGlobalSection
	GlobalSection(ProjectConfigurationPlatforms) = postSolution
		{E14BD06C-8693-43F6-85C1-0C5E17F9ABF8}.Debug|Any CPU.ActiveCfg = Debug|Any CPU
		{E14BD06C-8693-43F6-85C1-0C5E17F9ABF8}.Debug|Any CPU.Build.0 = Debug|Any CPU
		{E14BD06C-8693-43F6-85C1-0C5E17F9ABF8}.Release|Any CPU.ActiveCfg = Release|Any CPU
		{E14BD06C-8693-43F6-85C1-0C5E17F9ABF8}.Release|Any CPU.Build.0 = Release|Any CPU
		{AEE33FEB-BA37-4B85-9037-39DA108AF3D7}.Debug|Any CPU.ActiveCfg = Debug|Any CPU
		{AEE33FEB-BA37-4B85-9037-39DA108AF3D7}.Debug|Any CPU.Build.0 = Debug|Any CPU
		{AEE33FEB-BA37-4B85-9037-39DA108AF3D7}.Release|Any CPU.ActiveCfg = Release|Any CPU
		{AEE33FEB-BA37-4B85-9037-39DA108AF3D7}.Release|Any CPU.Build.0 = Release|Any CPU
	EndGlobalSection
	GlobalSection(SolutionProperties) = preSolution
		HideSolutionNode = FALSE
	EndGlobalSection
	GlobalSection(ExtensibilityGlobals) = postSolution
		SolutionGuid = {76F385D7-3B24-44F1-9DF6-876FE6A3E525}
	EndGlobalSection
EndGlobal
